// !$*UTF8*$!
{
	archiveVersion = 1;
	classes = {
	};
	objectVersion = 46;
	objects = {

/* Begin PBXBuildFile section */
		1E24CF5C1DE541BB005826B5 /* ViewControllerManager.m in Sources */ = {isa = PBXBuildFile; fileRef = 1E24CF5B1DE541BB005826B5 /* ViewControllerManager.m */; };
		1E9A74ED1DE5172D002484E2 /* ViewControllerModel.m in Sources */ = {isa = PBXBuildFile; fileRef = 1E9A74EC1DE5172D002484E2 /* ViewControllerModel.m */; };
		1EBCD8C51DE0A2DD00CBEABA /* ViewControllerTest.m in Sources */ = {isa = PBXBuildFile; fileRef = 1EBCD8C41DE0A2DD00CBEABA /* ViewControllerTest.m */; };
		1ECCAA971DDE77A7009B1104 /* main.m in Sources */ = {isa = PBXBuildFile; fileRef = 1ECCAA961DDE77A7009B1104 /* main.m */; };
		1ECCAA9A1DDE77A7009B1104 /* AppDelegate.m in Sources */ = {isa = PBXBuildFile; fileRef = 1ECCAA991DDE77A7009B1104 /* AppDelegate.m */; };
		1ECCAA9D1DDE77A7009B1104 /* ViewController.m in Sources */ = {isa = PBXBuildFile; fileRef = 1ECCAA9C1DDE77A7009B1104 /* ViewController.m */; };
		1ECCAAA01DDE77A7009B1104 /* Main.storyboard in Resources */ = {isa = PBXBuildFile; fileRef = 1ECCAA9E1DDE77A7009B1104 /* Main.storyboard */; };
		1ECCAAA31DDE77A7009B1104 /* SieveOfEratosthenes.xcdatamodeld in Sources */ = {isa = PBXBuildFile; fileRef = 1ECCAAA11DDE77A7009B1104 /* SieveOfEratosthenes.xcdatamodeld */; };
		1ECCAAA51DDE77A7009B1104 /* Assets.xcassets in Resources */ = {isa = PBXBuildFile; fileRef = 1ECCAAA41DDE77A7009B1104 /* Assets.xcassets */; };
		1ECCAAA81DDE77A7009B1104 /* LaunchScreen.storyboard in Resources */ = {isa = PBXBuildFile; fileRef = 1ECCAAA61DDE77A7009B1104 /* LaunchScreen.storyboard */; };
		1ECCAAB31DDE77A7009B1104 /* PrimeTest.m in Sources */ = {isa = PBXBuildFile; fileRef = 1ECCAAB21DDE77A7009B1104 /* PrimeTest.m */; };
		1ECCAABF1DDE81B0009B1104 /* Prime.m in Sources */ = {isa = PBXBuildFile; fileRef = 1ECCAABE1DDE81B0009B1104 /* Prime.m */; };
		8A06568F40F80E5E817D58FF /* libPods-SieveOfEratosthenes.a in Frameworks */ = {isa = PBXBuildFile; fileRef = 77A1BAFF0355E23113103F47 /* libPods-SieveOfEratosthenes.a */; };
		ADED538D18FA3A7ADEB3E71B /* libPods-SieveOfEratosthenesTests.a in Frameworks */ = {isa = PBXBuildFile; fileRef = 5E69C5F57DED49C3FA388108 /* libPods-SieveOfEratosthenesTests.a */; };
/* End PBXBuildFile section */

/* Begin PBXContainerItemProxy section */
		1ECCAAAF1DDE77A7009B1104 /* PBXContainerItemProxy */ = {
			isa = PBXContainerItemProxy;
			containerPortal = 1ECCAA8A1DDE77A7009B1104 /* Project object */;
			proxyType = 1;
			remoteGlobalIDString = 1ECCAA911DDE77A7009B1104;
			remoteInfo = SieveOfEratosthenes;
		};
/* End PBXContainerItemProxy section */

/* Begin PBXFileReference section */
		0E825B892581DC1793DFEA8A /* Pods-SieveOfEratosthenes.debug.xcconfig */ = {isa = PBXFileReference; includeInIndex = 1; lastKnownFileType = text.xcconfig; name = "Pods-SieveOfEratosthenes.debug.xcconfig"; path = "Pods/Target Support Files/Pods-SieveOfEratosthenes/Pods-SieveOfEratosthenes.debug.xcconfig"; sourceTree = "<group>"; };
		1E24CF5A1DE541BB005826B5 /* ViewControllerManager.h */ = {isa = PBXFileReference; fileEncoding = 4; lastKnownFileType = sourcecode.c.h; path = ViewControllerManager.h; sourceTree = "<group>"; };
		1E24CF5B1DE541BB005826B5 /* ViewControllerManager.m */ = {isa = PBXFileReference; fileEncoding = 4; lastKnownFileType = sourcecode.c.objc; path = ViewControllerManager.m; sourceTree = "<group>"; };
		1E9A74EB1DE5171D002484E2 /* ViewControllerModel.h */ = {isa = PBXFileReference; fileEncoding = 4; lastKnownFileType = sourcecode.c.h; path = ViewControllerModel.h; sourceTree = "<group>"; };
		1E9A74EC1DE5172D002484E2 /* ViewControllerModel.m */ = {isa = PBXFileReference; fileEncoding = 4; lastKnownFileType = sourcecode.c.objc; path = ViewControllerModel.m; sourceTree = "<group>"; };
		1EBCD8C41DE0A2DD00CBEABA /* ViewControllerTest.m */ = {isa = PBXFileReference; fileEncoding = 4; lastKnownFileType = sourcecode.c.objc; path = ViewControllerTest.m; sourceTree = "<group>"; };
		1ECCAA921DDE77A7009B1104 /* SieveOfEratosthenes.app */ = {isa = PBXFileReference; explicitFileType = wrapper.application; includeInIndex = 0; path = SieveOfEratosthenes.app; sourceTree = BUILT_PRODUCTS_DIR; };
		1ECCAA961DDE77A7009B1104 /* main.m */ = {isa = PBXFileReference; lastKnownFileType = sourcecode.c.objc; path = main.m; sourceTree = "<group>"; };
		1ECCAA981DDE77A7009B1104 /* AppDelegate.h */ = {isa = PBXFileReference; lastKnownFileType = sourcecode.c.h; path = AppDelegate.h; sourceTree = "<group>"; };
		1ECCAA991DDE77A7009B1104 /* AppDelegate.m */ = {isa = PBXFileReference; lastKnownFileType = sourcecode.c.objc; path = AppDelegate.m; sourceTree = "<group>"; };
		1ECCAA9B1DDE77A7009B1104 /* ViewController.h */ = {isa = PBXFileReference; lastKnownFileType = sourcecode.c.h; path = ViewController.h; sourceTree = "<group>"; };
		1ECCAA9C1DDE77A7009B1104 /* ViewController.m */ = {isa = PBXFileReference; lastKnownFileType = sourcecode.c.objc; path = ViewController.m; sourceTree = "<group>"; };
		1ECCAA9F1DDE77A7009B1104 /* Base */ = {isa = PBXFileReference; lastKnownFileType = file.storyboard; name = Base; path = Base.lproj/Main.storyboard; sourceTree = "<group>"; };
		1ECCAAA21DDE77A7009B1104 /* SieveOfEratosthenes.xcdatamodel */ = {isa = PBXFileReference; lastKnownFileType = wrapper.xcdatamodel; path = SieveOfEratosthenes.xcdatamodel; sourceTree = "<group>"; };
		1ECCAAA41DDE77A7009B1104 /* Assets.xcassets */ = {isa = PBXFileReference; lastKnownFileType = folder.assetcatalog; path = Assets.xcassets; sourceTree = "<group>"; };
		1ECCAAA71DDE77A7009B1104 /* Base */ = {isa = PBXFileReference; lastKnownFileType = file.storyboard; name = Base; path = Base.lproj/LaunchScreen.storyboard; sourceTree = "<group>"; };
		1ECCAAA91DDE77A7009B1104 /* Info.plist */ = {isa = PBXFileReference; lastKnownFileType = text.plist.xml; path = Info.plist; sourceTree = "<group>"; };
		1ECCAAAE1DDE77A7009B1104 /* SieveOfEratosthenesTests.xctest */ = {isa = PBXFileReference; explicitFileType = wrapper.cfbundle; includeInIndex = 0; path = SieveOfEratosthenesTests.xctest; sourceTree = BUILT_PRODUCTS_DIR; };
		1ECCAAB21DDE77A7009B1104 /* PrimeTest.m */ = {isa = PBXFileReference; lastKnownFileType = sourcecode.c.objc; path = PrimeTest.m; sourceTree = "<group>"; };
		1ECCAAB41DDE77A7009B1104 /* Info.plist */ = {isa = PBXFileReference; lastKnownFileType = text.plist.xml; path = Info.plist; sourceTree = "<group>"; };
		1ECCAABD1DDE81B0009B1104 /* Prime.h */ = {isa = PBXFileReference; fileEncoding = 4; lastKnownFileType = sourcecode.c.h; path = Prime.h; sourceTree = "<group>"; };
		1ECCAABE1DDE81B0009B1104 /* Prime.m */ = {isa = PBXFileReference; fileEncoding = 4; lastKnownFileType = sourcecode.c.objc; path = Prime.m; sourceTree = "<group>"; };
		5E69C5F57DED49C3FA388108 /* libPods-SieveOfEratosthenesTests.a */ = {isa = PBXFileReference; explicitFileType = archive.ar; includeInIndex = 0; path = "libPods-SieveOfEratosthenesTests.a"; sourceTree = BUILT_PRODUCTS_DIR; };
		77A1BAFF0355E23113103F47 /* libPods-SieveOfEratosthenes.a */ = {isa = PBXFileReference; explicitFileType = archive.ar; includeInIndex = 0; path = "libPods-SieveOfEratosthenes.a"; sourceTree = BUILT_PRODUCTS_DIR; };
		81A8795E17E29D8D7028B16A /* Pods-SieveOfEratosthenes.release.xcconfig */ = {isa = PBXFileReference; includeInIndex = 1; lastKnownFileType = text.xcconfig; name = "Pods-SieveOfEratosthenes.release.xcconfig"; path = "Pods/Target Support Files/Pods-SieveOfEratosthenes/Pods-SieveOfEratosthenes.release.xcconfig"; sourceTree = "<group>"; };
		BA431D4A89C21696188FFE55 /* Pods-SieveOfEratosthenesTests.debug.xcconfig */ = {isa = PBXFileReference; includeInIndex = 1; lastKnownFileType = text.xcconfig; name = "Pods-SieveOfEratosthenesTests.debug.xcconfig"; path = "Pods/Target Support Files/Pods-SieveOfEratosthenesTests/Pods-SieveOfEratosthenesTests.debug.xcconfig"; sourceTree = "<group>"; };
		F4C3A422E7B4FF33BAB3AE6E /* Pods-SieveOfEratosthenesTests.release.xcconfig */ = {isa = PBXFileReference; includeInIndex = 1; lastKnownFileType = text.xcconfig; name = "Pods-SieveOfEratosthenesTests.release.xcconfig"; path = "Pods/Target Support Files/Pods-SieveOfEratosthenesTests/Pods-SieveOfEratosthenesTests.release.xcconfig"; sourceTree = "<group>"; };
/* End PBXFileReference section */

/* Begin PBXFrameworksBuildPhase section */
		1ECCAA8F1DDE77A7009B1104 /* Frameworks */ = {
			isa = PBXFrameworksBuildPhase;
			buildActionMask = 2147483647;
			files = (
				8A06568F40F80E5E817D58FF /* libPods-SieveOfEratosthenes.a in Frameworks */,
			);
			runOnlyForDeploymentPostprocessing = 0;
		};
		1ECCAAAB1DDE77A7009B1104 /* Frameworks */ = {
			isa = PBXFrameworksBuildPhase;
			buildActionMask = 2147483647;
			files = (
				ADED538D18FA3A7ADEB3E71B /* libPods-SieveOfEratosthenesTests.a in Frameworks */,
			);
			runOnlyForDeploymentPostprocessing = 0;
		};
/* End PBXFrameworksBuildPhase section */

/* Begin PBXGroup section */
		1E9A74EA1DE51628002484E2 /* ViewModel */ = {
			isa = PBXGroup;
			children = (
				1E9A74EB1DE5171D002484E2 /* ViewControllerModel.h */,
				1E9A74EC1DE5172D002484E2 /* ViewControllerModel.m */,
				1E24CF5A1DE541BB005826B5 /* ViewControllerManager.h */,
				1E24CF5B1DE541BB005826B5 /* ViewControllerManager.m */,
			);
			name = ViewModel;
			sourceTree = "<group>";
		};
		1EBCD8C21DE0A08C00CBEABA /* Model */ = {
			isa = PBXGroup;
			children = (
				1ECCAAB21DDE77A7009B1104 /* PrimeTest.m */,
			);
			name = Model;
			sourceTree = "<group>";
		};
		1EBCD8C31DE0A2BA00CBEABA /* Controller */ = {
			isa = PBXGroup;
			children = (
				1EBCD8C41DE0A2DD00CBEABA /* ViewControllerTest.m */,
			);
			name = Controller;
			sourceTree = "<group>";
		};
		1ECCAA891DDE77A7009B1104 = {
			isa = PBXGroup;
			children = (
				1ECCAA941DDE77A7009B1104 /* SieveOfEratosthenes */,
				1ECCAAB11DDE77A7009B1104 /* SieveOfEratosthenesTests */,
				1ECCAA931DDE77A7009B1104 /* Products */,
				64C6A8072A1B2130E7CBFD51 /* Pods */,
				602D44AB556B9E87CBC038D5 /* Frameworks */,
			);
			sourceTree = "<group>";
		};
		1ECCAA931DDE77A7009B1104 /* Products */ = {
			isa = PBXGroup;
			children = (
				1ECCAA921DDE77A7009B1104 /* SieveOfEratosthenes.app */,
				1ECCAAAE1DDE77A7009B1104 /* SieveOfEratosthenesTests.xctest */,
			);
			name = Products;
			sourceTree = "<group>";
		};
		1ECCAA941DDE77A7009B1104 /* SieveOfEratosthenes */ = {
			isa = PBXGroup;
			children = (
				1EDE523C1DE09DC90065E511 /* Controller */,
				1EDE523D1DE09DEC0065E511 /* Model */,
				1E9A74EA1DE51628002484E2 /* ViewModel */,
				1ECCAA951DDE77A7009B1104 /* Supporting Files */,
				1ECCAA9E1DDE77A7009B1104 /* Main.storyboard */,
				1ECCAAA41DDE77A7009B1104 /* Assets.xcassets */,
				1ECCAAA61DDE77A7009B1104 /* LaunchScreen.storyboard */,
				1ECCAAA91DDE77A7009B1104 /* Info.plist */,
				1ECCAAA11DDE77A7009B1104 /* SieveOfEratosthenes.xcdatamodeld */,
			);
			path = SieveOfEratosthenes;
			sourceTree = "<group>";
		};
		1ECCAA951DDE77A7009B1104 /* Supporting Files */ = {
			isa = PBXGroup;
			children = (
				1ECCAA961DDE77A7009B1104 /* main.m */,
			);
			name = "Supporting Files";
			sourceTree = "<group>";
		};
		1ECCAAB11DDE77A7009B1104 /* SieveOfEratosthenesTests */ = {
			isa = PBXGroup;
			children = (
				1EBCD8C31DE0A2BA00CBEABA /* Controller */,
				1EBCD8C21DE0A08C00CBEABA /* Model */,
				1ECCAAB41DDE77A7009B1104 /* Info.plist */,
			);
			path = SieveOfEratosthenesTests;
			sourceTree = "<group>";
		};
		1EDE523C1DE09DC90065E511 /* Controller */ = {
			isa = PBXGroup;
			children = (
				1ECCAA981DDE77A7009B1104 /* AppDelegate.h */,
				1ECCAA991DDE77A7009B1104 /* AppDelegate.m */,
				1ECCAA9B1DDE77A7009B1104 /* ViewController.h */,
				1ECCAA9C1DDE77A7009B1104 /* ViewController.m */,
			);
			name = Controller;
			sourceTree = "<group>";
		};
		1EDE523D1DE09DEC0065E511 /* Model */ = {
			isa = PBXGroup;
			children = (
				1ECCAABD1DDE81B0009B1104 /* Prime.h */,
				1ECCAABE1DDE81B0009B1104 /* Prime.m */,
			);
			name = Model;
			sourceTree = "<group>";
		};
		602D44AB556B9E87CBC038D5 /* Frameworks */ = {
			isa = PBXGroup;
			children = (
				77A1BAFF0355E23113103F47 /* libPods-SieveOfEratosthenes.a */,
				5E69C5F57DED49C3FA388108 /* libPods-SieveOfEratosthenesTests.a */,
			);
			name = Frameworks;
			sourceTree = "<group>";
		};
		64C6A8072A1B2130E7CBFD51 /* Pods */ = {
			isa = PBXGroup;
			children = (
				0E825B892581DC1793DFEA8A /* Pods-SieveOfEratosthenes.debug.xcconfig */,
				81A8795E17E29D8D7028B16A /* Pods-SieveOfEratosthenes.release.xcconfig */,
				BA431D4A89C21696188FFE55 /* Pods-SieveOfEratosthenesTests.debug.xcconfig */,
				F4C3A422E7B4FF33BAB3AE6E /* Pods-SieveOfEratosthenesTests.release.xcconfig */,
			);
			name = Pods;
			sourceTree = "<group>";
		};
/* End PBXGroup section */

/* Begin PBXNativeTarget section */
		1ECCAA911DDE77A7009B1104 /* SieveOfEratosthenes */ = {
			isa = PBXNativeTarget;
			buildConfigurationList = 1ECCAAB71DDE77A7009B1104 /* Build configuration list for PBXNativeTarget "SieveOfEratosthenes" */;
			buildPhases = (
				922A940CBB7D5311291350C4 /* [CP] Check Pods Manifest.lock */,
				1ECCAA8E1DDE77A7009B1104 /* Sources */,
				1ECCAA8F1DDE77A7009B1104 /* Frameworks */,
				1ECCAA901DDE77A7009B1104 /* Resources */,
				FF10D17B1EF611A66D291E8B /* [CP] Embed Pods Frameworks */,
				3480564D2FA12683368CA928 /* [CP] Copy Pods Resources */,
			);
			buildRules = (
			);
			dependencies = (
			);
			name = SieveOfEratosthenes;
			productName = SieveOfEratosthenes;
			productReference = 1ECCAA921DDE77A7009B1104 /* SieveOfEratosthenes.app */;
			productType = "com.apple.product-type.application";
		};
		1ECCAAAD1DDE77A7009B1104 /* SieveOfEratosthenesTests */ = {
			isa = PBXNativeTarget;
			buildConfigurationList = 1ECCAABA1DDE77A7009B1104 /* Build configuration list for PBXNativeTarget "SieveOfEratosthenesTests" */;
			buildPhases = (
				26A0D373608D25AF550C952A /* [CP] Check Pods Manifest.lock */,
				1ECCAAAA1DDE77A7009B1104 /* Sources */,
				1ECCAAAB1DDE77A7009B1104 /* Frameworks */,
				1ECCAAAC1DDE77A7009B1104 /* Resources */,
				45DEC3DF7C293C5FEBAF1C38 /* [CP] Embed Pods Frameworks */,
				988D98B669283544A4CFA58A /* [CP] Copy Pods Resources */,
			);
			buildRules = (
			);
			dependencies = (
				1ECCAAB01DDE77A7009B1104 /* PBXTargetDependency */,
			);
			name = SieveOfEratosthenesTests;
			productName = SieveOfEratosthenesTests;
			productReference = 1ECCAAAE1DDE77A7009B1104 /* SieveOfEratosthenesTests.xctest */;
			productType = "com.apple.product-type.bundle.unit-test";
		};
/* End PBXNativeTarget section */

/* Begin PBXProject section */
		1ECCAA8A1DDE77A7009B1104 /* Project object */ = {
			isa = PBXProject;
			attributes = {
				LastUpgradeCheck = 0810;
				ORGANIZATIONNAME = "Kellie Spears";
				TargetAttributes = {
					1ECCAA911DDE77A7009B1104 = {
						CreatedOnToolsVersion = 8.1;
						DevelopmentTeam = LE3Y88K938;
						ProvisioningStyle = Automatic;
					};
					1ECCAAAD1DDE77A7009B1104 = {
						CreatedOnToolsVersion = 8.1;
						DevelopmentTeam = LE3Y88K938;
						ProvisioningStyle = Manual;
						TestTargetID = 1ECCAA911DDE77A7009B1104;
					};
				};
			};
			buildConfigurationList = 1ECCAA8D1DDE77A7009B1104 /* Build configuration list for PBXProject "SieveOfEratosthenes" */;
			compatibilityVersion = "Xcode 3.2";
			developmentRegion = English;
			hasScannedForEncodings = 0;
			knownRegions = (
				en,
				Base,
			);
			mainGroup = 1ECCAA891DDE77A7009B1104;
			productRefGroup = 1ECCAA931DDE77A7009B1104 /* Products */;
			projectDirPath = "";
			projectRoot = "";
			targets = (
				1ECCAA911DDE77A7009B1104 /* SieveOfEratosthenes */,
				1ECCAAAD1DDE77A7009B1104 /* SieveOfEratosthenesTests */,
			);
		};
/* End PBXProject section */

/* Begin PBXResourcesBuildPhase section */
		1ECCAA901DDE77A7009B1104 /* Resources */ = {
			isa = PBXResourcesBuildPhase;
			buildActionMask = 2147483647;
			files = (
				1ECCAAA81DDE77A7009B1104 /* LaunchScreen.storyboard in Resources */,
				1ECCAAA51DDE77A7009B1104 /* Assets.xcassets in Resources */,
				1ECCAAA01DDE77A7009B1104 /* Main.storyboard in Resources */,
			);
			runOnlyForDeploymentPostprocessing = 0;
		};
		1ECCAAAC1DDE77A7009B1104 /* Resources */ = {
			isa = PBXResourcesBuildPhase;
			buildActionMask = 2147483647;
			files = (
			);
			runOnlyForDeploymentPostprocessing = 0;
		};
/* End PBXResourcesBuildPhase section */

/* Begin PBXShellScriptBuildPhase section */
		26A0D373608D25AF550C952A /* [CP] Check Pods Manifest.lock */ = {
			isa = PBXShellScriptBuildPhase;
			buildActionMask = 2147483647;
			files = (
			);
			inputPaths = (
			);
			name = "[CP] Check Pods Manifest.lock";
			outputPaths = (
			);
			runOnlyForDeploymentPostprocessing = 0;
			shellPath = /bin/sh;
			shellScript = "diff \"${PODS_ROOT}/../Podfile.lock\" \"${PODS_ROOT}/Manifest.lock\" > /dev/null\nif [ $? != 0 ] ; then\n    # print error to STDERR\n    echo \"error: The sandbox is not in sync with the Podfile.lock. Run 'pod install' or update your CocoaPods installation.\" >&2\n    exit 1\nfi\n";
			showEnvVarsInLog = 0;
		};
		3480564D2FA12683368CA928 /* [CP] Copy Pods Resources */ = {
			isa = PBXShellScriptBuildPhase;
			buildActionMask = 2147483647;
			files = (
			);
			inputPaths = (
			);
			name = "[CP] Copy Pods Resources";
			outputPaths = (
			);
			runOnlyForDeploymentPostprocessing = 0;
			shellPath = /bin/sh;
			shellScript = "\"${SRCROOT}/Pods/Target Support Files/Pods-SieveOfEratosthenes/Pods-SieveOfEratosthenes-resources.sh\"\n";
			showEnvVarsInLog = 0;
		};
		45DEC3DF7C293C5FEBAF1C38 /* [CP] Embed Pods Frameworks */ = {
			isa = PBXShellScriptBuildPhase;
			buildActionMask = 2147483647;
			files = (
			);
			inputPaths = (
			);
			name = "[CP] Embed Pods Frameworks";
			outputPaths = (
			);
			runOnlyForDeploymentPostprocessing = 0;
			shellPath = /bin/sh;
			shellScript = "\"${SRCROOT}/Pods/Target Support Files/Pods-SieveOfEratosthenesTests/Pods-SieveOfEratosthenesTests-frameworks.sh\"\n";
			showEnvVarsInLog = 0;
		};
		922A940CBB7D5311291350C4 /* [CP] Check Pods Manifest.lock */ = {
			isa = PBXShellScriptBuildPhase;
			buildActionMask = 2147483647;
			files = (
			);
			inputPaths = (
			);
			name = "[CP] Check Pods Manifest.lock";
			outputPaths = (
			);
			runOnlyForDeploymentPostprocessing = 0;
			shellPath = /bin/sh;
			shellScript = "diff \"${PODS_ROOT}/../Podfile.lock\" \"${PODS_ROOT}/Manifest.lock\" > /dev/null\nif [ $? != 0 ] ; then\n    # print error to STDERR\n    echo \"error: The sandbox is not in sync with the Podfile.lock. Run 'pod install' or update your CocoaPods installation.\" >&2\n    exit 1\nfi\n";
			showEnvVarsInLog = 0;
		};
		988D98B669283544A4CFA58A /* [CP] Copy Pods Resources */ = {
			isa = PBXShellScriptBuildPhase;
			buildActionMask = 2147483647;
			files = (
			);
			inputPaths = (
			);
			name = "[CP] Copy Pods Resources";
			outputPaths = (
			);
			runOnlyForDeploymentPostprocessing = 0;
			shellPath = /bin/sh;
			shellScript = "\"${SRCROOT}/Pods/Target Support Files/Pods-SieveOfEratosthenesTests/Pods-SieveOfEratosthenesTests-resources.sh\"\n";
			showEnvVarsInLog = 0;
		};
		FF10D17B1EF611A66D291E8B /* [CP] Embed Pods Frameworks */ = {
			isa = PBXShellScriptBuildPhase;
			buildActionMask = 2147483647;
			files = (
			);
			inputPaths = (
			);
			name = "[CP] Embed Pods Frameworks";
			outputPaths = (
			);
			runOnlyForDeploymentPostprocessing = 0;
			shellPath = /bin/sh;
			shellScript = "\"${SRCROOT}/Pods/Target Support Files/Pods-SieveOfEratosthenes/Pods-SieveOfEratosthenes-frameworks.sh\"\n";
			showEnvVarsInLog = 0;
		};
/* End PBXShellScriptBuildPhase section */

/* Begin PBXSourcesBuildPhase section */
		1ECCAA8E1DDE77A7009B1104 /* Sources */ = {
			isa = PBXSourcesBuildPhase;
			buildActionMask = 2147483647;
			files = (
				1ECCAAA31DDE77A7009B1104 /* SieveOfEratosthenes.xcdatamodeld in Sources */,
				1ECCAA9D1DDE77A7009B1104 /* ViewController.m in Sources */,
				1E24CF5C1DE541BB005826B5 /* ViewControllerManager.m in Sources */,
				1ECCAA9A1DDE77A7009B1104 /* AppDelegate.m in Sources */,
				1ECCAABF1DDE81B0009B1104 /* Prime.m in Sources */,
				1ECCAA971DDE77A7009B1104 /* main.m in Sources */,
				1E9A74ED1DE5172D002484E2 /* ViewControllerModel.m in Sources */,
			);
			runOnlyForDeploymentPostprocessing = 0;
		};
		1ECCAAAA1DDE77A7009B1104 /* Sources */ = {
			isa = PBXSourcesBuildPhase;
			buildActionMask = 2147483647;
			files = (
				1EBCD8C51DE0A2DD00CBEABA /* ViewControllerTest.m in Sources */,
				1ECCAAB31DDE77A7009B1104 /* PrimeTest.m in Sources */,
			);
			runOnlyForDeploymentPostprocessing = 0;
		};
/* End PBXSourcesBuildPhase section */

/* Begin PBXTargetDependency section */
		1ECCAAB01DDE77A7009B1104 /* PBXTargetDependency */ = {
			isa = PBXTargetDependency;
			target = 1ECCAA911DDE77A7009B1104 /* SieveOfEratosthenes */;
			targetProxy = 1ECCAAAF1DDE77A7009B1104 /* PBXContainerItemProxy */;
		};
/* End PBXTargetDependency section */

/* Begin PBXVariantGroup section */
		1ECCAA9E1DDE77A7009B1104 /* Main.storyboard */ = {
			isa = PBXVariantGroup;
			children = (
				1ECCAA9F1DDE77A7009B1104 /* Base */,
			);
			name = Main.storyboard;
			sourceTree = "<group>";
		};
		1ECCAAA61DDE77A7009B1104 /* LaunchScreen.storyboard */ = {
			isa = PBXVariantGroup;
			children = (
				1ECCAAA71DDE77A7009B1104 /* Base */,
			);
			name = LaunchScreen.storyboard;
			sourceTree = "<group>";
		};
/* End PBXVariantGroup section */

/* Begin XCBuildConfiguration section */
		1ECCAAB51DDE77A7009B1104 /* Debug */ = {
			isa = XCBuildConfiguration;
			buildSettings = {
				ALWAYS_SEARCH_USER_PATHS = NO;
				CLANG_ANALYZER_NONNULL = YES;
				CLANG_CXX_LANGUAGE_STANDARD = "gnu++0x";
				CLANG_CXX_LIBRARY = "libc++";
				CLANG_ENABLE_MODULES = YES;
				CLANG_ENABLE_OBJC_ARC = YES;
				CLANG_WARN_BOOL_CONVERSION = YES;
				CLANG_WARN_CONSTANT_CONVERSION = YES;
				CLANG_WARN_DIRECT_OBJC_ISA_USAGE = YES_ERROR;
				CLANG_WARN_DOCUMENTATION_COMMENTS = YES;
				CLANG_WARN_EMPTY_BODY = YES;
				CLANG_WARN_ENUM_CONVERSION = YES;
				CLANG_WARN_INFINITE_RECURSION = YES;
				CLANG_WARN_INT_CONVERSION = YES;
				CLANG_WARN_OBJC_ROOT_CLASS = YES_ERROR;
				CLANG_WARN_SUSPICIOUS_MOVE = YES;
				CLANG_WARN_SUSPICIOUS_MOVES = YES;
				CLANG_WARN_UNREACHABLE_CODE = YES;
				CLANG_WARN__DUPLICATE_METHOD_MATCH = YES;
				"CODE_SIGN_IDENTITY[sdk=iphoneos*]" = "iPhone Developer";
				COPY_PHASE_STRIP = NO;
				DEBUG_INFORMATION_FORMAT = dwarf;
				ENABLE_STRICT_OBJC_MSGSEND = YES;
				ENABLE_TESTABILITY = YES;
				GCC_C_LANGUAGE_STANDARD = gnu99;
				GCC_DYNAMIC_NO_PIC = NO;
				GCC_NO_COMMON_BLOCKS = YES;
				GCC_OPTIMIZATION_LEVEL = 0;
				GCC_PREPROCESSOR_DEFINITIONS = (
					"DEBUG=1",
					"$(inherited)",
				);
				GCC_WARN_64_TO_32_BIT_CONVERSION = YES;
				GCC_WARN_ABOUT_RETURN_TYPE = YES_ERROR;
				GCC_WARN_UNDECLARED_SELECTOR = YES;
				GCC_WARN_UNINITIALIZED_AUTOS = YES_AGGRESSIVE;
				GCC_WARN_UNUSED_FUNCTION = YES;
				GCC_WARN_UNUSED_VARIABLE = YES;
				IPHONEOS_DEPLOYMENT_TARGET = 10.1;
				MTL_ENABLE_DEBUG_INFO = YES;
				ONLY_ACTIVE_ARCH = YES;
				SDKROOT = iphoneos;
				TARGETED_DEVICE_FAMILY = "1,2";
			};
			name = Debug;
		};
		1ECCAAB61DDE77A7009B1104 /* Release */ = {
			isa = XCBuildConfiguration;
			buildSettings = {
				ALWAYS_SEARCH_USER_PATHS = NO;
				CLANG_ANALYZER_NONNULL = YES;
				CLANG_CXX_LANGUAGE_STANDARD = "gnu++0x";
				CLANG_CXX_LIBRARY = "libc++";
				CLANG_ENABLE_MODULES = YES;
				CLANG_ENABLE_OBJC_ARC = YES;
				CLANG_WARN_BOOL_CONVERSION = YES;
				CLANG_WARN_CONSTANT_CONVERSION = YES;
				CLANG_WARN_DIRECT_OBJC_ISA_USAGE = YES_ERROR;
				CLANG_WARN_DOCUMENTATION_COMMENTS = YES;
				CLANG_WARN_EMPTY_BODY = YES;
				CLANG_WARN_ENUM_CONVERSION = YES;
				CLANG_WARN_INFINITE_RECURSION = YES;
				CLANG_WARN_INT_CONVERSION = YES;
				CLANG_WARN_OBJC_ROOT_CLASS = YES_ERROR;
				CLANG_WARN_SUSPICIOUS_MOVE = YES;
				CLANG_WARN_SUSPICIOUS_MOVES = YES;
				CLANG_WARN_UNREACHABLE_CODE = YES;
				CLANG_WARN__DUPLICATE_METHOD_MATCH = YES;
				"CODE_SIGN_IDENTITY[sdk=iphoneos*]" = "iPhone Developer";
				COPY_PHASE_STRIP = NO;
				DEBUG_INFORMATION_FORMAT = "dwarf-with-dsym";
				ENABLE_NS_ASSERTIONS = NO;
				ENABLE_STRICT_OBJC_MSGSEND = YES;
				GCC_C_LANGUAGE_STANDARD = gnu99;
				GCC_NO_COMMON_BLOCKS = YES;
				GCC_WARN_64_TO_32_BIT_CONVERSION = YES;
				GCC_WARN_ABOUT_RETURN_TYPE = YES_ERROR;
				GCC_WARN_UNDECLARED_SELECTOR = YES;
				GCC_WARN_UNINITIALIZED_AUTOS = YES_AGGRESSIVE;
				GCC_WARN_UNUSED_FUNCTION = YES;
				GCC_WARN_UNUSED_VARIABLE = YES;
				IPHONEOS_DEPLOYMENT_TARGET = 10.1;
				MTL_ENABLE_DEBUG_INFO = NO;
				SDKROOT = iphoneos;
				TARGETED_DEVICE_FAMILY = "1,2";
				VALIDATE_PRODUCT = YES;
			};
			name = Release;
		};
		1ECCAAB81DDE77A7009B1104 /* Debug */ = {
			isa = XCBuildConfiguration;
			baseConfigurationReference = 0E825B892581DC1793DFEA8A /* Pods-SieveOfEratosthenes.debug.xcconfig */;
			buildSettings = {
				ASSETCATALOG_COMPILER_APPICON_NAME = AppIcon;
				CLANG_ENABLE_MODULE_DEBUGGING = NO;
				"CODE_SIGN_IDENTITY[sdk=iphoneos*]" = "iPhone Developer";
				DEVELOPMENT_TEAM = LE3Y88K938;
				INFOPLIST_FILE = SieveOfEratosthenes/Info.plist;
				LD_RUNPATH_SEARCH_PATHS = "$(inherited) @executable_path/Frameworks";
				PRODUCT_BUNDLE_IDENTIFIER = personal.kds.SieveOfEratosthenes;
				PRODUCT_NAME = "$(TARGET_NAME)";
			};
			name = Debug;
		};
		1ECCAAB91DDE77A7009B1104 /* Release */ = {
			isa = XCBuildConfiguration;
			baseConfigurationReference = 81A8795E17E29D8D7028B16A /* Pods-SieveOfEratosthenes.release.xcconfig */;
			buildSettings = {
				ASSETCATALOG_COMPILER_APPICON_NAME = AppIcon;
				CLANG_ENABLE_MODULE_DEBUGGING = NO;
				"CODE_SIGN_IDENTITY[sdk=iphoneos*]" = "iPhone Developer";
				DEVELOPMENT_TEAM = LE3Y88K938;
				INFOPLIST_FILE = SieveOfEratosthenes/Info.plist;
				LD_RUNPATH_SEARCH_PATHS = "$(inherited) @executable_path/Frameworks";
				PRODUCT_BUNDLE_IDENTIFIER = personal.kds.SieveOfEratosthenes;
				PRODUCT_NAME = "$(TARGET_NAME)";
			};
			name = Release;
		};
		1ECCAABB1DDE77A7009B1104 /* Debug */ = {
			isa = XCBuildConfiguration;
			baseConfigurationReference = BA431D4A89C21696188FFE55 /* Pods-SieveOfEratosthenesTests.debug.xcconfig */;
			buildSettings = {
				BUNDLE_LOADER = "$(TEST_HOST)";
				"CODE_SIGN_IDENTITY[sdk=iphoneos*]" = "iPhone Developer";
				DEVELOPMENT_TEAM = LE3Y88K938;
				INFOPLIST_FILE = SieveOfEratosthenesTests/Info.plist;
				LD_RUNPATH_SEARCH_PATHS = "$(inherited) @executable_path/Frameworks @loader_path/Frameworks";
				PRODUCT_BUNDLE_IDENTIFIER = personal.kds.SieveOfEratosthenesTests;
				PRODUCT_NAME = "$(TARGET_NAME)";
				TEST_HOST = "$(BUILT_PRODUCTS_DIR)/SieveOfEratosthenes.app/SieveOfEratosthenes";
			};
			name = Debug;
		};
		1ECCAABC1DDE77A7009B1104 /* Release */ = {
			isa = XCBuildConfiguration;
			baseConfigurationReference = F4C3A422E7B4FF33BAB3AE6E /* Pods-SieveOfEratosthenesTests.release.xcconfig */;
			buildSettings = {
				BUNDLE_LOADER = "$(TEST_HOST)";
				DEVELOPMENT_TEAM = LE3Y88K938;
				INFOPLIST_FILE = SieveOfEratosthenesTests/Info.plist;
				LD_RUNPATH_SEARCH_PATHS = "$(inherited) @executable_path/Frameworks @loader_path/Frameworks";
				PRODUCT_BUNDLE_IDENTIFIER = personal.kds.SieveOfEratosthenesTests;
				PRODUCT_NAME = "$(TARGET_NAME)";
				TEST_HOST = "$(BUILT_PRODUCTS_DIR)/SieveOfEratosthenes.app/SieveOfEratosthenes";
			};
			name = Release;
		};
/* End XCBuildConfiguration section */

/* Begin XCConfigurationList section */
		1ECCAA8D1DDE77A7009B1104 /* Build configuration list for PBXProject "SieveOfEratosthenes" */ = {
			isa = XCConfigurationList;
			buildConfigurations = (
				1ECCAAB51DDE77A7009B1104 /* Debug */,
				1ECCAAB61DDE77A7009B1104 /* Release */,
			);
			defaultConfigurationIsVisible = 0;
			defaultConfigurationName = Release;
		};
		1ECCAAB71DDE77A7009B1104 /* Build configuration list for PBXNativeTarget "SieveOfEratosthenes" */ = {
			isa = XCConfigurationList;
			buildConfigurations = (
				1ECCAAB81DDE77A7009B1104 /* Debug */,
				1ECCAAB91DDE77A7009B1104 /* Release */,
			);
			defaultConfigurationIsVisible = 0;
			defaultConfigurationName = Release;
		};
		1ECCAABA1DDE77A7009B1104 /* Build configuration list for PBXNativeTarget "SieveOfEratosthenesTests" */ = {
			isa = XCConfigurationList;
			buildConfigurations = (
				1ECCAABB1DDE77A7009B1104 /* Debug */,
				1ECCAABC1DDE77A7009B1104 /* Release */,
			);
			defaultConfigurationIsVisible = 0;
			defaultConfigurationName = Release;
		};
/* End XCConfigurationList section */

/* Begin XCVersionGroup section */
		1ECCAAA11DDE77A7009B1104 /* SieveOfEratosthenes.xcdatamodeld */ = {
			isa = XCVersionGroup;
			children = (
				1ECCAAA21DDE77A7009B1104 /* SieveOfEratosthenes.xcdatamodel */,
			);
			currentVersion = 1ECCAAA21DDE77A7009B1104 /* SieveOfEratosthenes.xcdatamodel */;
			path = SieveOfEratosthenes.xcdatamodeld;
			sourceTree = "<group>";
			versionGroupType = wrapper.xcdatamodel;
		};
/* End XCVersionGroup section */
	};
	rootObject = 1ECCAA8A1DDE77A7009B1104 /* Project object */;
}
